// !$*UTF8*$!
{
	archiveVersion = 1;
	classes = {
	};
	objectVersion = 50;
	objects = {

/* Begin PBXBuildFile section */
		8525071A23FBCB1200CAFDD8 /* AppDelegate.swift in Sources */ = {isa = PBXBuildFile; fileRef = 8525071923FBCB1200CAFDD8 /* AppDelegate.swift */; };
		8525071E23FBCB1200CAFDD8 /* ViewController.swift in Sources */ = {isa = PBXBuildFile; fileRef = 8525071D23FBCB1200CAFDD8 /* ViewController.swift */; };
		8525072123FBCB1200CAFDD8 /* Main.storyboard in Resources */ = {isa = PBXBuildFile; fileRef = 8525071F23FBCB1200CAFDD8 /* Main.storyboard */; };
		8525072323FBCB1300CAFDD8 /* Assets.xcassets in Resources */ = {isa = PBXBuildFile; fileRef = 8525072223FBCB1300CAFDD8 /* Assets.xcassets */; };
		8525072623FBCB1300CAFDD8 /* LaunchScreen.storyboard in Resources */ = {isa = PBXBuildFile; fileRef = 8525072423FBCB1300CAFDD8 /* LaunchScreen.storyboard */; };
		8525072E23FBD71D00CAFDD8 /* MapPin.swift in Sources */ = {isa = PBXBuildFile; fileRef = 8525072D23FBD71D00CAFDD8 /* MapPin.swift */; };
		8525073123FBD82700CAFDD8 /* DefaultCache.swift in Sources */ = {isa = PBXBuildFile; fileRef = 8525073023FBD82700CAFDD8 /* DefaultCache.swift */; };
		8525073323FBD84700CAFDD8 /* Parser.swift in Sources */ = {isa = PBXBuildFile; fileRef = 8525073223FBD84700CAFDD8 /* Parser.swift */; };
		8525073523FBD87700CAFDD8 /* RawPinMapCache.swift in Sources */ = {isa = PBXBuildFile; fileRef = 8525073423FBD87700CAFDD8 /* RawPinMapCache.swift */; };
		8525073723FBDD5C00CAFDD8 /* PinDetailViewController.swift in Sources */ = {isa = PBXBuildFile; fileRef = 8525073623FBDD5C00CAFDD8 /* PinDetailViewController.swift */; };
		8525073923FBDEEA00CAFDD8 /* CustomView.swift in Sources */ = {isa = PBXBuildFile; fileRef = 8525073823FBDEEA00CAFDD8 /* CustomView.swift */; };
		8525073B23FBEF5500CAFDD8 /* FileManager.swift in Sources */ = {isa = PBXBuildFile; fileRef = 8525073A23FBEF5500CAFDD8 /* FileManager.swift */; };
		8525073D23FBFCF900CAFDD8 /* UIViewController+alerts.swift in Sources */ = {isa = PBXBuildFile; fileRef = 8525073C23FBFCF900CAFDD8 /* UIViewController+alerts.swift */; };
		85BD0F9C23FD84C600D37681 /* TagButton.swift in Sources */ = {isa = PBXBuildFile; fileRef = 85BD0F9B23FD84C600D37681 /* TagButton.swift */; };
		85BD0F9E23FD873600D37681 /* PinTags.swift in Sources */ = {isa = PBXBuildFile; fileRef = 85BD0F9D23FD873600D37681 /* PinTags.swift */; };
/* End PBXBuildFile section */

/* Begin PBXFileReference section */
		8525071623FBCB1200CAFDD8 /* TrafficPins.app */ = {isa = PBXFileReference; explicitFileType = wrapper.application; includeInIndex = 0; path = TrafficPins.app; sourceTree = BUILT_PRODUCTS_DIR; };
		8525071923FBCB1200CAFDD8 /* AppDelegate.swift */ = {isa = PBXFileReference; lastKnownFileType = sourcecode.swift; path = AppDelegate.swift; sourceTree = "<group>"; };
		8525071D23FBCB1200CAFDD8 /* ViewController.swift */ = {isa = PBXFileReference; lastKnownFileType = sourcecode.swift; path = ViewController.swift; sourceTree = "<group>"; };
		8525072023FBCB1200CAFDD8 /* Base */ = {isa = PBXFileReference; lastKnownFileType = file.storyboard; name = Base; path = Base.lproj/Main.storyboard; sourceTree = "<group>"; };
		8525072223FBCB1300CAFDD8 /* Assets.xcassets */ = {isa = PBXFileReference; lastKnownFileType = folder.assetcatalog; path = Assets.xcassets; sourceTree = "<group>"; };
		8525072523FBCB1300CAFDD8 /* Base */ = {isa = PBXFileReference; lastKnownFileType = file.storyboard; name = Base; path = Base.lproj/LaunchScreen.storyboard; sourceTree = "<group>"; };
		8525072723FBCB1300CAFDD8 /* Info.plist */ = {isa = PBXFileReference; lastKnownFileType = text.plist.xml; path = Info.plist; sourceTree = "<group>"; };
		8525072D23FBD71D00CAFDD8 /* MapPin.swift */ = {isa = PBXFileReference; lastKnownFileType = sourcecode.swift; path = MapPin.swift; sourceTree = "<group>"; };
		8525073023FBD82700CAFDD8 /* DefaultCache.swift */ = {isa = PBXFileReference; lastKnownFileType = sourcecode.swift; path = DefaultCache.swift; sourceTree = "<group>"; };
		8525073223FBD84700CAFDD8 /* Parser.swift */ = {isa = PBXFileReference; lastKnownFileType = sourcecode.swift; path = Parser.swift; sourceTree = "<group>"; };
		8525073423FBD87700CAFDD8 /* RawPinMapCache.swift */ = {isa = PBXFileReference; lastKnownFileType = sourcecode.swift; path = RawPinMapCache.swift; sourceTree = "<group>"; };
		8525073623FBDD5C00CAFDD8 /* PinDetailViewController.swift */ = {isa = PBXFileReference; lastKnownFileType = sourcecode.swift; path = PinDetailViewController.swift; sourceTree = "<group>"; };
		8525073823FBDEEA00CAFDD8 /* CustomView.swift */ = {isa = PBXFileReference; lastKnownFileType = sourcecode.swift; path = CustomView.swift; sourceTree = "<group>"; };
		8525073A23FBEF5500CAFDD8 /* FileManager.swift */ = {isa = PBXFileReference; lastKnownFileType = sourcecode.swift; path = FileManager.swift; sourceTree = "<group>"; };
		8525073C23FBFCF900CAFDD8 /* UIViewController+alerts.swift */ = {isa = PBXFileReference; lastKnownFileType = sourcecode.swift; path = "UIViewController+alerts.swift"; sourceTree = "<group>"; };
		85BD0F9B23FD84C600D37681 /* TagButton.swift */ = {isa = PBXFileReference; lastKnownFileType = sourcecode.swift; path = TagButton.swift; sourceTree = "<group>"; };
		85BD0F9D23FD873600D37681 /* PinTags.swift */ = {isa = PBXFileReference; lastKnownFileType = sourcecode.swift; path = PinTags.swift; sourceTree = "<group>"; };
/* End PBXFileReference section */

/* Begin PBXFrameworksBuildPhase section */
		8525071323FBCB1200CAFDD8 /* Frameworks */ = {
			isa = PBXFrameworksBuildPhase;
			buildActionMask = 2147483647;
			files = (
			);
			runOnlyForDeploymentPostprocessing = 0;
		};
/* End PBXFrameworksBuildPhase section */

/* Begin PBXGroup section */
		8525070D23FBCB1200CAFDD8 = {
			isa = PBXGroup;
			children = (
				8525071823FBCB1200CAFDD8 /* TrafficPins */,
				8525071723FBCB1200CAFDD8 /* Products */,
			);
			sourceTree = "<group>";
		};
		8525071723FBCB1200CAFDD8 /* Products */ = {
			isa = PBXGroup;
			children = (
				8525071623FBCB1200CAFDD8 /* TrafficPins.app */,
			);
			name = Products;
			sourceTree = "<group>";
		};
		8525071823FBCB1200CAFDD8 /* TrafficPins */ = {
			isa = PBXGroup;
			children = (
				8525072F23FBD7F500CAFDD8 /* Utils */,
				8525071923FBCB1200CAFDD8 /* AppDelegate.swift */,
				8525071D23FBCB1200CAFDD8 /* ViewController.swift */,
				8525073623FBDD5C00CAFDD8 /* PinDetailViewController.swift */,
				8525072D23FBD71D00CAFDD8 /* MapPin.swift */,
				85BD0F9D23FD873600D37681 /* PinTags.swift */,
				8525071F23FBCB1200CAFDD8 /* Main.storyboard */,
				8525072223FBCB1300CAFDD8 /* Assets.xcassets */,
				8525072423FBCB1300CAFDD8 /* LaunchScreen.storyboard */,
				8525072723FBCB1300CAFDD8 /* Info.plist */,
			);
			path = TrafficPins;
			sourceTree = "<group>";
		};
		8525072F23FBD7F500CAFDD8 /* Utils */ = {
			isa = PBXGroup;
			children = (
				8525073223FBD84700CAFDD8 /* Parser.swift */,
				8525073823FBDEEA00CAFDD8 /* CustomView.swift */,
				8525073023FBD82700CAFDD8 /* DefaultCache.swift */,
				8525073423FBD87700CAFDD8 /* RawPinMapCache.swift */,
				8525073A23FBEF5500CAFDD8 /* FileManager.swift */,
				8525073C23FBFCF900CAFDD8 /* UIViewController+alerts.swift */,
				85BD0F9B23FD84C600D37681 /* TagButton.swift */,
			);
			path = Utils;
			sourceTree = "<group>";
		};
/* End PBXGroup section */

/* Begin PBXNativeTarget section */
		8525071523FBCB1200CAFDD8 /* TrafficPins */ = {
			isa = PBXNativeTarget;
			buildConfigurationList = 8525072A23FBCB1300CAFDD8 /* Build configuration list for PBXNativeTarget "TrafficPins" */;
			buildPhases = (
				8525071223FBCB1200CAFDD8 /* Sources */,
				8525071323FBCB1200CAFDD8 /* Frameworks */,
				8525071423FBCB1200CAFDD8 /* Resources */,
			);
			buildRules = (
			);
			dependencies = (
			);
			name = TrafficPins;
			productName = TrafficPins;
			productReference = 8525071623FBCB1200CAFDD8 /* TrafficPins.app */;
			productType = "com.apple.product-type.application";
		};
/* End PBXNativeTarget section */

/* Begin PBXProject section */
		8525070E23FBCB1200CAFDD8 /* Project object */ = {
			isa = PBXProject;
			attributes = {
				LastSwiftUpdateCheck = 1130;
				LastUpgradeCheck = 1130;
				ORGANIZATIONNAME = xavi;
				TargetAttributes = {
					8525071523FBCB1200CAFDD8 = {
						CreatedOnToolsVersion = 11.3.1;
					};
				};
			};
			buildConfigurationList = 8525071123FBCB1200CAFDD8 /* Build configuration list for PBXProject "TrafficPins" */;
			compatibilityVersion = "Xcode 9.3";
			developmentRegion = en;
			hasScannedForEncodings = 0;
			knownRegions = (
				en,
				Base,
			);
			mainGroup = 8525070D23FBCB1200CAFDD8;
			productRefGroup = 8525071723FBCB1200CAFDD8 /* Products */;
			projectDirPath = "";
			projectRoot = "";
			targets = (
				8525071523FBCB1200CAFDD8 /* TrafficPins */,
			);
		};
/* End PBXProject section */

/* Begin PBXResourcesBuildPhase section */
		8525071423FBCB1200CAFDD8 /* Resources */ = {
			isa = PBXResourcesBuildPhase;
			buildActionMask = 2147483647;
			files = (
				8525072623FBCB1300CAFDD8 /* LaunchScreen.storyboard in Resources */,
				8525072323FBCB1300CAFDD8 /* Assets.xcassets in Resources */,
				8525072123FBCB1200CAFDD8 /* Main.storyboard in Resources */,
			);
			runOnlyForDeploymentPostprocessing = 0;
		};
/* End PBXResourcesBuildPhase section */

/* Begin PBXSourcesBuildPhase section */
		8525071223FBCB1200CAFDD8 /* Sources */ = {
			isa = PBXSourcesBuildPhase;
			buildActionMask = 2147483647;
			files = (
				8525072E23FBD71D00CAFDD8 /* MapPin.swift in Sources */,
				8525073723FBDD5C00CAFDD8 /* PinDetailViewController.swift in Sources */,
				8525071E23FBCB1200CAFDD8 /* ViewController.swift in Sources */,
				8525073D23FBFCF900CAFDD8 /* UIViewController+alerts.swift in Sources */,
				8525073923FBDEEA00CAFDD8 /* CustomView.swift in Sources */,
				8525073323FBD84700CAFDD8 /* Parser.swift in Sources */,
				85BD0F9E23FD873600D37681 /* PinTags.swift in Sources */,
				8525073B23FBEF5500CAFDD8 /* FileManager.swift in Sources */,
				85BD0F9C23FD84C600D37681 /* TagButton.swift in Sources */,
				8525071A23FBCB1200CAFDD8 /* AppDelegate.swift in Sources */,
				8525073123FBD82700CAFDD8 /* DefaultCache.swift in Sources */,
				8525073523FBD87700CAFDD8 /* RawPinMapCache.swift in Sources */,
			);
			runOnlyForDeploymentPostprocessing = 0;
		};
/* End PBXSourcesBuildPhase section */

/* Begin PBXVariantGroup section */
		8525071F23FBCB1200CAFDD8 /* Main.storyboard */ = {
			isa = PBXVariantGroup;
			children = (
				8525072023FBCB1200CAFDD8 /* Base */,
			);
			name = Main.storyboard;
			sourceTree = "<group>";
		};
		8525072423FBCB1300CAFDD8 /* LaunchScreen.storyboard */ = {
			isa = PBXVariantGroup;
			children = (
				8525072523FBCB1300CAFDD8 /* Base */,
			);
			name = LaunchScreen.storyboard;
			sourceTree = "<group>";
		};
/* End PBXVariantGroup section */

/* Begin XCBuildConfiguration section */
		8525072823FBCB1300CAFDD8 /* Debug */ = {
			isa = XCBuildConfiguration;
			buildSettings = {
				ALWAYS_SEARCH_USER_PATHS = NO;
				CLANG_ANALYZER_NONNULL = YES;
				CLANG_ANALYZER_NUMBER_OBJECT_CONVERSION = YES_AGGRESSIVE;
				CLANG_CXX_LANGUAGE_STANDARD = "gnu++14";
				CLANG_CXX_LIBRARY = "libc++";
				CLANG_ENABLE_MODULES = YES;
				CLANG_ENABLE_OBJC_ARC = YES;
				CLANG_ENABLE_OBJC_WEAK = YES;
				CLANG_WARN_BLOCK_CAPTURE_AUTORELEASING = YES;
				CLANG_WARN_BOOL_CONVERSION = YES;
				CLANG_WARN_COMMA = YES;
				CLANG_WARN_CONSTANT_CONVERSION = YES;
				CLANG_WARN_DEPRECATED_OBJC_IMPLEMENTATIONS = YES;
				CLANG_WARN_DIRECT_OBJC_ISA_USAGE = YES_ERROR;
				CLANG_WARN_DOCUMENTATION_COMMENTS = YES;
				CLANG_WARN_EMPTY_BODY = YES;
				CLANG_WARN_ENUM_CONVERSION = YES;
				CLANG_WARN_INFINITE_RECURSION = YES;
				CLANG_WARN_INT_CONVERSION = YES;
				CLANG_WARN_NON_LITERAL_NULL_CONVERSION = YES;
				CLANG_WARN_OBJC_IMPLICIT_RETAIN_SELF = YES;
				CLANG_WARN_OBJC_LITERAL_CONVERSION = YES;
				CLANG_WARN_OBJC_ROOT_CLASS = YES_ERROR;
				CLANG_WARN_RANGE_LOOP_ANALYSIS = YES;
				CLANG_WARN_STRICT_PROTOTYPES = YES;
				CLANG_WARN_SUSPICIOUS_MOVE = YES;
				CLANG_WARN_UNGUARDED_AVAILABILITY = YES_AGGRESSIVE;
				CLANG_WARN_UNREACHABLE_CODE = YES;
				CLANG_WARN__DUPLICATE_METHOD_MATCH = YES;
				COPY_PHASE_STRIP = NO;
				DEBUG_INFORMATION_FORMAT = dwarf;
				ENABLE_STRICT_OBJC_MSGSEND = YES;
				ENABLE_TESTABILITY = YES;
				GCC_C_LANGUAGE_STANDARD = gnu11;
				GCC_DYNAMIC_NO_PIC = NO;
				GCC_NO_COMMON_BLOCKS = YES;
				GCC_OPTIMIZATION_LEVEL = 0;
				GCC_PREPROCESSOR_DEFINITIONS = (
					"DEBUG=1",
					"$(inherited)",
				);
				GCC_WARN_64_TO_32_BIT_CONVERSION = YES;
				GCC_WARN_ABOUT_RETURN_TYPE = YES_ERROR;
				GCC_WARN_UNDECLARED_SELECTOR = YES;
				GCC_WARN_UNINITIALIZED_AUTOS = YES_AGGRESSIVE;
				GCC_WARN_UNUSED_FUNCTION = YES;
				GCC_WARN_UNUSED_VARIABLE = YES;
				IPHONEOS_DEPLOYMENT_TARGET = 13.2;
				MTL_ENABLE_DEBUG_INFO = INCLUDE_SOURCE;
				MTL_FAST_MATH = YES;
				ONLY_ACTIVE_ARCH = YES;
				SDKROOT = iphoneos;
				SWIFT_ACTIVE_COMPILATION_CONDITIONS = DEBUG;
				SWIFT_OPTIMIZATION_LEVEL = "-Onone";
			};
			name = Debug;
		};
		8525072923FBCB1300CAFDD8 /* Release */ = {
			isa = XCBuildConfiguration;
			buildSettings = {
				ALWAYS_SEARCH_USER_PATHS = NO;
				CLANG_ANALYZER_NONNULL = YES;
				CLANG_ANALYZER_NUMBER_OBJECT_CONVERSION = YES_AGGRESSIVE;
				CLANG_CXX_LANGUAGE_STANDARD = "gnu++14";
				CLANG_CXX_LIBRARY = "libc++";
				CLANG_ENABLE_MODULES = YES;
				CLANG_ENABLE_OBJC_ARC = YES;
				CLANG_ENABLE_OBJC_WEAK = YES;
				CLANG_WARN_BLOCK_CAPTURE_AUTORELEASING = YES;
				CLANG_WARN_BOOL_CONVERSION = YES;
				CLANG_WARN_COMMA = YES;
				CLANG_WARN_CONSTANT_CONVERSION = YES;
				CLANG_WARN_DEPRECATED_OBJC_IMPLEMENTATIONS = YES;
				CLANG_WARN_DIRECT_OBJC_ISA_USAGE = YES_ERROR;
				CLANG_WARN_DOCUMENTATION_COMMENTS = YES;
				CLANG_WARN_EMPTY_BODY = YES;
				CLANG_WARN_ENUM_CONVERSION = YES;
				CLANG_WARN_INFINITE_RECURSION = YES;
				CLANG_WARN_INT_CONVERSION = YES;
				CLANG_WARN_NON_LITERAL_NULL_CONVERSION = YES;
				CLANG_WARN_OBJC_IMPLICIT_RETAIN_SELF = YES;
				CLANG_WARN_OBJC_LITERAL_CONVERSION = YES;
				CLANG_WARN_OBJC_ROOT_CLASS = YES_ERROR;
				CLANG_WARN_RANGE_LOOP_ANALYSIS = YES;
				CLANG_WARN_STRICT_PROTOTYPES = YES;
				CLANG_WARN_SUSPICIOUS_MOVE = YES;
				CLANG_WARN_UNGUARDED_AVAILABILITY = YES_AGGRESSIVE;
				CLANG_WARN_UNREACHABLE_CODE = YES;
				CLANG_WARN__DUPLICATE_METHOD_MATCH = YES;
				COPY_PHASE_STRIP = NO;
				DEBUG_INFORMATION_FORMAT = "dwarf-with-dsym";
				ENABLE_NS_ASSERTIONS = NO;
				ENABLE_STRICT_OBJC_MSGSEND = YES;
				GCC_C_LANGUAGE_STANDARD = gnu11;
				GCC_NO_COMMON_BLOCKS = YES;
				GCC_WARN_64_TO_32_BIT_CONVERSION = YES;
				GCC_WARN_ABOUT_RETURN_TYPE = YES_ERROR;
				GCC_WARN_UNDECLARED_SELECTOR = YES;
				GCC_WARN_UNINITIALIZED_AUTOS = YES_AGGRESSIVE;
				GCC_WARN_UNUSED_FUNCTION = YES;
				GCC_WARN_UNUSED_VARIABLE = YES;
				IPHONEOS_DEPLOYMENT_TARGET = 13.2;
				MTL_ENABLE_DEBUG_INFO = NO;
				MTL_FAST_MATH = YES;
				SDKROOT = iphoneos;
				SWIFT_COMPILATION_MODE = wholemodule;
				SWIFT_OPTIMIZATION_LEVEL = "-O";
				VALIDATE_PRODUCT = YES;
			};
			name = Release;
		};
		8525072B23FBCB1300CAFDD8 /* Debug */ = {
			isa = XCBuildConfiguration;
			buildSettings = {
				ASSETCATALOG_COMPILER_APPICON_NAME = AppIcon;
				CODE_SIGN_STYLE = Automatic;
				DEVELOPMENT_TEAM = 7FRX8UT8MP;
				INFOPLIST_FILE = TrafficPins/Info.plist;
				LD_RUNPATH_SEARCH_PATHS = (
					"$(inherited)",
					"@executable_path/Frameworks",
				);
				PRODUCT_BUNDLE_IDENTIFIER = mobapp.at.Innerfire.TrafficPins;
				PRODUCT_NAME = "$(TARGET_NAME)";
				SWIFT_VERSION = 5.0;
				TARGETED_DEVICE_FAMILY = "1,2";
			};
			name = Debug;
		};
		8525072C23FBCB1300CAFDD8 /* Release */ = {
			isa = XCBuildConfiguration;
			buildSettings = {
				ASSETCATALOG_COMPILER_APPICON_NAME = AppIcon;
				CODE_SIGN_STYLE = Automatic;
				DEVELOPMENT_TEAM = 7FRX8UT8MP;
				INFOPLIST_FILE = TrafficPins/Info.plist;
				LD_RUNPATH_SEARCH_PATHS = (
					"$(inherited)",
					"@executable_path/Frameworks",
				);
				PRODUCT_BUNDLE_IDENTIFIER = mobapp.at.Innerfire.TrafficPins;
				PRODUCT_NAME = "$(TARGET_NAME)";
				SWIFT_VERSION = 5.0;
				TARGETED_DEVICE_FAMILY = "1,2";
			};
			name = Release;
		};
/* End XCBuildConfiguration section */

/* Begin XCConfigurationList section */
		8525071123FBCB1200CAFDD8 /* Build configuration list for PBXProject "TrafficPins" */ = {
			isa = XCConfigurationList;
			buildConfigurations = (
				8525072823FBCB1300CAFDD8 /* Debug */,
				8525072923FBCB1300CAFDD8 /* Release */,
			);
			defaultConfigurationIsVisible = 0;
			defaultConfigurationName = Release;
		};
		8525072A23FBCB1300CAFDD8 /* Build configuration list for PBXNativeTarget "TrafficPins" */ = {
			isa = XCConfigurationList;
			buildConfigurations = (
				8525072B23FBCB1300CAFDD8 /* Debug */,
				8525072C23FBCB1300CAFDD8 /* Release */,
			);
			defaultConfigurationIsVisible = 0;
			defaultConfigurationName = Release;
		};
/* End XCConfigurationList section */
	};
	rootObject = 8525070E23FBCB1200CAFDD8 /* Project object */;
}
